
Microsoft Visual Studio Solution File, Format Version 12.00
# Visual Studio 15
VisualStudioVersion = 15.0.28010.2050
MinimumVisualStudioVersion = 10.0.40219.1
Project("{FAE04EC0-301F-11D3-BF4B-00C04F79EFBC}") = "HHSBoard", "HHSBoard\HHSBoard.csproj", "{631F8D59-6D93-46FB-BDB4-3E5BCC35076B}"
EndProject
Global
	GlobalSection(SolutionConfigurationPlatforms) = preSolution
		Debug|Any CPU = Debug|Any CPU
		Release|Any CPU = Release|Any CPU
	EndGlobalSection
	GlobalSection(ProjectConfigurationPlatforms) = postSolution
		{631F8D59-6D93-46FB-BDB4-3E5BCC35076B}.Debug|Any CPU.ActiveCfg = Debug|Any CPU
		{631F8D59-6D93-46FB-BDB4-3E5BCC35076B}.Debug|Any CPU.Build.0 = Debug|Any CPU
		{631F8D59-6D93-46FB-BDB4-3E5BCC35076B}.Release|Any CPU.ActiveCfg = Release|Any CPU
		{631F8D59-6D93-46FB-BDB4-3E5BCC35076B}.Release|Any CPU.Build.0 = Release|Any CPU
	EndGlobalSection
	GlobalSection(SolutionProperties) = preSolution
		HideSolutionNode = FALSE
	EndGlobalSection
	GlobalSection(ExtensibilityGlobals) = postSolution
		SolutionGuid = {11D86FA1-48CF-4822-A369-254860771E67}
	EndGlobalSection
EndGlobal
